
Microsoft Visual Studio Solution File, Format Version 12.00
# Visual Studio Version 16
VisualStudioVersion = 16.0.29920.165
MinimumVisualStudioVersion = 10.0.40219.1
Project("{F184B08F-C81C-45F6-A57F-5ABD9991F28F}") = "DadosVB", "DadosVB.vbproj", "{7C7112B2-E41D-4EFE-B036-CBFC796E4106}"
EndProject
Global
	GlobalSection(SolutionConfigurationPlatforms) = preSolution
		Debug|Any CPU = Debug|Any CPU
		Release|Any CPU = Release|Any CPU
	EndGlobalSection
	GlobalSection(ProjectConfigurationPlatforms) = postSolution
		{7C7112B2-E41D-4EFE-B036-CBFC796E4106}.Debug|Any CPU.ActiveCfg = Debug|Any CPU
		{7C7112B2-E41D-4EFE-B036-CBFC796E4106}.Debug|Any CPU.Build.0 = Debug|Any CPU
		{7C7112B2-E41D-4EFE-B036-CBFC796E4106}.Release|Any CPU.ActiveCfg = Release|Any CPU
		{7C7112B2-E41D-4EFE-B036-CBFC796E4106}.Release|Any CPU.Build.0 = Release|Any CPU
	EndGlobalSection
	GlobalSection(SolutionProperties) = preSolution
		HideSolutionNode = FALSE
	EndGlobalSection
	GlobalSection(ExtensibilityGlobals) = postSolution
		SolutionGuid = {CABFD489-6980-454A-B500-ED120360E657}
	EndGlobalSection
EndGlobal
